hash: 6bde284fef6891bc155b098c2ac0c0e5a788e8950a4c361d6c5c6599d1a305b0
updated: 2018-12-27T12:55:08.947834+02:00
imports:
- name: github.com/gorilla/context
  version: 51ce91d2eaddeca0ef29a71d766bb3634dadf729
- name: github.com/gorilla/mux
  version: e3702bed27f0d39777b0b37b664b6280e8ef8fbf
testImports: []
